
Microsoft Visual Studio Solution File, Format Version 12.00
# Visual Studio 2013
VisualStudioVersion = 12.0.30110.0
MinimumVisualStudioVersion = 10.0.40219.1
Project("{FAE04EC0-301F-11D3-BF4B-00C04F79EFBC}") = "1. Triangle", "1. Triangle\1. Triangle.csproj", "{AA1B5283-BCB2-4EED-8DAE-4686E429955E}"
EndProject
Project("{FAE04EC0-301F-11D3-BF4B-00C04F79EFBC}") = "2. Pairs", "2. Pairs\2. Pairs.csproj", "{E42BA5C5-DBF5-4102-B889-51CDC7C74629}"
EndProject
Project("{FAE04EC0-301F-11D3-BF4B-00C04F79EFBC}") = "3. House", "3. House\3. House.csproj", "{D1BAA55C-AB41-4E6C-97EB-3AF32EA75660}"
EndProject
Project("{FAE04EC0-301F-11D3-BF4B-00C04F79EFBC}") = "4. MagicDates", "4. MagicDates\4. MagicDates.csproj", "{21275B66-2A17-4CB9-9AE5-3DFBB7807C91}"
EndProject
Project("{FAE04EC0-301F-11D3-BF4B-00C04F79EFBC}") = "5. BitsKiller", "5. BitsKiller\5. BitsKiller.csproj", "{3C604231-73A5-4398-970F-6E1EC53E7D5B}"
EndProject
Global
	GlobalSection(SolutionConfigurationPlatforms) = preSolution
		Debug|Any CPU = Debug|Any CPU
		Release|Any CPU = Release|Any CPU
	EndGlobalSection
	GlobalSection(ProjectConfigurationPlatforms) = postSolution
		{AA1B5283-BCB2-4EED-8DAE-4686E429955E}.Debug|Any CPU.ActiveCfg = Debug|Any CPU
		{AA1B5283-BCB2-4EED-8DAE-4686E429955E}.Debug|Any CPU.Build.0 = Debug|Any CPU
		{AA1B5283-BCB2-4EED-8DAE-4686E429955E}.Release|Any CPU.ActiveCfg = Release|Any CPU
		{AA1B5283-BCB2-4EED-8DAE-4686E429955E}.Release|Any CPU.Build.0 = Release|Any CPU
		{E42BA5C5-DBF5-4102-B889-51CDC7C74629}.Debug|Any CPU.ActiveCfg = Debug|Any CPU
		{E42BA5C5-DBF5-4102-B889-51CDC7C74629}.Debug|Any CPU.Build.0 = Debug|Any CPU
		{E42BA5C5-DBF5-4102-B889-51CDC7C74629}.Release|Any CPU.ActiveCfg = Release|Any CPU
		{E42BA5C5-DBF5-4102-B889-51CDC7C74629}.Release|Any CPU.Build.0 = Release|Any CPU
		{D1BAA55C-AB41-4E6C-97EB-3AF32EA75660}.Debug|Any CPU.ActiveCfg = Debug|Any CPU
		{D1BAA55C-AB41-4E6C-97EB-3AF32EA75660}.Debug|Any CPU.Build.0 = Debug|Any CPU
		{D1BAA55C-AB41-4E6C-97EB-3AF32EA75660}.Release|Any CPU.ActiveCfg = Release|Any CPU
		{D1BAA55C-AB41-4E6C-97EB-3AF32EA75660}.Release|Any CPU.Build.0 = Release|Any CPU
		{21275B66-2A17-4CB9-9AE5-3DFBB7807C91}.Debug|Any CPU.ActiveCfg = Debug|Any CPU
		{21275B66-2A17-4CB9-9AE5-3DFBB7807C91}.Debug|Any CPU.Build.0 = Debug|Any CPU
		{21275B66-2A17-4CB9-9AE5-3DFBB7807C91}.Release|Any CPU.ActiveCfg = Release|Any CPU
		{21275B66-2A17-4CB9-9AE5-3DFBB7807C91}.Release|Any CPU.Build.0 = Release|Any CPU
		{3C604231-73A5-4398-970F-6E1EC53E7D5B}.Debug|Any CPU.ActiveCfg = Debug|Any CPU
		{3C604231-73A5-4398-970F-6E1EC53E7D5B}.Debug|Any CPU.Build.0 = Debug|Any CPU
		{3C604231-73A5-4398-970F-6E1EC53E7D5B}.Release|Any CPU.ActiveCfg = Release|Any CPU
		{3C604231-73A5-4398-970F-6E1EC53E7D5B}.Release|Any CPU.Build.0 = Release|Any CPU
	EndGlobalSection
	GlobalSection(SolutionProperties) = preSolution
		HideSolutionNode = FALSE
	EndGlobalSection
EndGlobal
