
Microsoft Visual Studio Solution File, Format Version 12.00
# Visual Studio 2013
VisualStudioVersion = 12.0.30723.0
MinimumVisualStudioVersion = 10.0.40219.1
Project("{FAE04EC0-301F-11D3-BF4B-00C04F79EFBC}") = "1. SquareRoot", "1. SquareRoot\1. SquareRoot.csproj", "{E28397ED-6135-4DEE-B960-DF8D75459B99}"
EndProject
Project("{FAE04EC0-301F-11D3-BF4B-00C04F79EFBC}") = "2. EnterNumbers", "2. EnterNumbers\2. EnterNumbers.csproj", "{906E7B78-EBA0-4921-AE59-342616CAA0FF}"
EndProject
Global
	GlobalSection(SolutionConfigurationPlatforms) = preSolution
		Debug|Any CPU = Debug|Any CPU
		Release|Any CPU = Release|Any CPU
	EndGlobalSection
	GlobalSection(ProjectConfigurationPlatforms) = postSolution
		{E28397ED-6135-4DEE-B960-DF8D75459B99}.Debug|Any CPU.ActiveCfg = Debug|Any CPU
		{E28397ED-6135-4DEE-B960-DF8D75459B99}.Debug|Any CPU.Build.0 = Debug|Any CPU
		{E28397ED-6135-4DEE-B960-DF8D75459B99}.Release|Any CPU.ActiveCfg = Release|Any CPU
		{E28397ED-6135-4DEE-B960-DF8D75459B99}.Release|Any CPU.Build.0 = Release|Any CPU
		{906E7B78-EBA0-4921-AE59-342616CAA0FF}.Debug|Any CPU.ActiveCfg = Debug|Any CPU
		{906E7B78-EBA0-4921-AE59-342616CAA0FF}.Debug|Any CPU.Build.0 = Debug|Any CPU
		{906E7B78-EBA0-4921-AE59-342616CAA0FF}.Release|Any CPU.ActiveCfg = Release|Any CPU
		{906E7B78-EBA0-4921-AE59-342616CAA0FF}.Release|Any CPU.Build.0 = Release|Any CPU
	EndGlobalSection
	GlobalSection(SolutionProperties) = preSolution
		HideSolutionNode = FALSE
	EndGlobalSection
EndGlobal
